
Microsoft Visual Studio Solution File, Format Version 12.00
# Visual Studio Version 17
VisualStudioVersion = 17.5.002.0
MinimumVisualStudioVersion = 10.0.40219.1
Project("{9A19103F-16F7-4668-BE54-9A1E7A4F7556}") = "Scola.Client", "Scola.Client.csproj", "{967748A7-42FC-49EA-8BFC-D46346468CF0}"
EndProject
Global
	GlobalSection(SolutionConfigurationPlatforms) = preSolution
		Debug|Any CPU = Debug|Any CPU
		Release|Any CPU = Release|Any CPU
	EndGlobalSection
	GlobalSection(ProjectConfigurationPlatforms) = postSolution
		{967748A7-42FC-49EA-8BFC-D46346468CF0}.Debug|Any CPU.ActiveCfg = Debug|Any CPU
		{967748A7-42FC-49EA-8BFC-D46346468CF0}.Debug|Any CPU.Build.0 = Debug|Any CPU
		{967748A7-42FC-49EA-8BFC-D46346468CF0}.Release|Any CPU.ActiveCfg = Release|Any CPU
		{967748A7-42FC-49EA-8BFC-D46346468CF0}.Release|Any CPU.Build.0 = Release|Any CPU
	EndGlobalSection
	GlobalSection(SolutionProperties) = preSolution
		HideSolutionNode = FALSE
	EndGlobalSection
	GlobalSection(ExtensibilityGlobals) = postSolution
		SolutionGuid = {551AB3CA-00BB-4B8A-87E9-4D7444CD181F}
	EndGlobalSection
EndGlobal
